
Microsoft Visual Studio Solution File, Format Version 12.00
# Visual Studio Version 16
VisualStudioVersion = 16.0.33328.57
MinimumVisualStudioVersion = 10.0.40219.1
Project("{FAE04EC0-301F-11D3-BF4B-00C04F79EFBC}") = "funçoesExtrasString", "funçoesExtrasString\funçoesExtrasString.csproj", "{7CA31555-C415-432F-AB29-22A2371128C8}"
EndProject
Global
	GlobalSection(SolutionConfigurationPlatforms) = preSolution
		Debug|Any CPU = Debug|Any CPU
		Release|Any CPU = Release|Any CPU
	EndGlobalSection
	GlobalSection(ProjectConfigurationPlatforms) = postSolution
		{7CA31555-C415-432F-AB29-22A2371128C8}.Debug|Any CPU.ActiveCfg = Debug|Any CPU
		{7CA31555-C415-432F-AB29-22A2371128C8}.Debug|Any CPU.Build.0 = Debug|Any CPU
		{7CA31555-C415-432F-AB29-22A2371128C8}.Release|Any CPU.ActiveCfg = Release|Any CPU
		{7CA31555-C415-432F-AB29-22A2371128C8}.Release|Any CPU.Build.0 = Release|Any CPU
	EndGlobalSection
	GlobalSection(SolutionProperties) = preSolution
		HideSolutionNode = FALSE
	EndGlobalSection
	GlobalSection(ExtensibilityGlobals) = postSolution
		SolutionGuid = {3AF5D039-E2B7-4DE8-962A-9960CE257998}
	EndGlobalSection
EndGlobal
