
Microsoft Visual Studio Solution File, Format Version 12.00
# Visual Studio Version 16
VisualStudioVersion = 16.0.33328.57
MinimumVisualStudioVersion = 10.0.40219.1
Project("{FAE04EC0-301F-11D3-BF4B-00C04F79EFBC}") = "Matrizes", "Matrizes\Matrizes.csproj", "{1381652E-2015-4307-A2C2-267B8A2EF378}"
EndProject
Project("{FAE04EC0-301F-11D3-BF4B-00C04F79EFBC}") = "ExercicioResolvidoMatriz", "ExercicioResolvidoMatriz\ExercicioResolvidoMatriz.csproj", "{0C3FE8DA-B9C7-45BD-80AE-21A74AD0C710}"
EndProject
Global
	GlobalSection(SolutionConfigurationPlatforms) = preSolution
		Debug|Any CPU = Debug|Any CPU
		Release|Any CPU = Release|Any CPU
	EndGlobalSection
	GlobalSection(ProjectConfigurationPlatforms) = postSolution
		{1381652E-2015-4307-A2C2-267B8A2EF378}.Debug|Any CPU.ActiveCfg = Debug|Any CPU
		{1381652E-2015-4307-A2C2-267B8A2EF378}.Debug|Any CPU.Build.0 = Debug|Any CPU
		{1381652E-2015-4307-A2C2-267B8A2EF378}.Release|Any CPU.ActiveCfg = Release|Any CPU
		{1381652E-2015-4307-A2C2-267B8A2EF378}.Release|Any CPU.Build.0 = Release|Any CPU
		{0C3FE8DA-B9C7-45BD-80AE-21A74AD0C710}.Debug|Any CPU.ActiveCfg = Debug|Any CPU
		{0C3FE8DA-B9C7-45BD-80AE-21A74AD0C710}.Debug|Any CPU.Build.0 = Debug|Any CPU
		{0C3FE8DA-B9C7-45BD-80AE-21A74AD0C710}.Release|Any CPU.ActiveCfg = Release|Any CPU
		{0C3FE8DA-B9C7-45BD-80AE-21A74AD0C710}.Release|Any CPU.Build.0 = Release|Any CPU
	EndGlobalSection
	GlobalSection(SolutionProperties) = preSolution
		HideSolutionNode = FALSE
	EndGlobalSection
	GlobalSection(ExtensibilityGlobals) = postSolution
		SolutionGuid = {89B70037-B200-41F6-A704-ED0F0225E62B}
	EndGlobalSection
EndGlobal
