
Microsoft Visual Studio Solution File, Format Version 12.00
# Visual Studio Version 16
VisualStudioVersion = 16.0.33328.57
MinimumVisualStudioVersion = 10.0.40219.1
Project("{FAE04EC0-301F-11D3-BF4B-00C04F79EFBC}") = "ExpressaoCondicioTernaria", "ExpressaoCondicioTernlçaçaãria\ExpressaoCondicioTernaria.csproj", "{27D0B955-A85D-4574-BAEF-043D628C4DBF}"
EndProject
Global
	GlobalSection(SolutionConfigurationPlatforms) = preSolution
		Debug|Any CPU = Debug|Any CPU
		Release|Any CPU = Release|Any CPU
	EndGlobalSection
	GlobalSection(ProjectConfigurationPlatforms) = postSolution
		{27D0B955-A85D-4574-BAEF-043D628C4DBF}.Debug|Any CPU.ActiveCfg = Debug|Any CPU
		{27D0B955-A85D-4574-BAEF-043D628C4DBF}.Debug|Any CPU.Build.0 = Debug|Any CPU
		{27D0B955-A85D-4574-BAEF-043D628C4DBF}.Release|Any CPU.ActiveCfg = Release|Any CPU
		{27D0B955-A85D-4574-BAEF-043D628C4DBF}.Release|Any CPU.Build.0 = Release|Any CPU
	EndGlobalSection
	GlobalSection(SolutionProperties) = preSolution
		HideSolutionNode = FALSE
	EndGlobalSection
	GlobalSection(ExtensibilityGlobals) = postSolution
		SolutionGuid = {5295D736-AC29-4DE5-9EA2-88A3408F248F}
	EndGlobalSection
EndGlobal
