
Microsoft Visual Studio Solution File, Format Version 12.00
# Visual Studio Version 16
VisualStudioVersion = 16.0.33328.57
MinimumVisualStudioVersion = 10.0.40219.1
Project("{FAE04EC0-301F-11D3-BF4B-00C04F79EFBC}") = "ForEach", "ForEach\ForEach.csproj", "{8AD21756-83B5-4DBC-8570-92F8C085FEDD}"
EndProject
Global
	GlobalSection(SolutionConfigurationPlatforms) = preSolution
		Debug|Any CPU = Debug|Any CPU
		Release|Any CPU = Release|Any CPU
	EndGlobalSection
	GlobalSection(ProjectConfigurationPlatforms) = postSolution
		{8AD21756-83B5-4DBC-8570-92F8C085FEDD}.Debug|Any CPU.ActiveCfg = Debug|Any CPU
		{8AD21756-83B5-4DBC-8570-92F8C085FEDD}.Debug|Any CPU.Build.0 = Debug|Any CPU
		{8AD21756-83B5-4DBC-8570-92F8C085FEDD}.Release|Any CPU.ActiveCfg = Release|Any CPU
		{8AD21756-83B5-4DBC-8570-92F8C085FEDD}.Release|Any CPU.Build.0 = Release|Any CPU
	EndGlobalSection
	GlobalSection(SolutionProperties) = preSolution
		HideSolutionNode = FALSE
	EndGlobalSection
	GlobalSection(ExtensibilityGlobals) = postSolution
		SolutionGuid = {F783D3D1-75F3-4263-A5CC-3CD2FE58E7BB}
	EndGlobalSection
EndGlobal
