
Microsoft Visual Studio Solution File, Format Version 12.00
# Visual Studio Version 16
VisualStudioVersion = 16.0.33328.57
MinimumVisualStudioVersion = 10.0.40219.1
Project("{FAE04EC0-301F-11D3-BF4B-00C04F79EFBC}") = "StringBuildExemplo", "StringBuildExemplo\StringBuildExemplo.csproj", "{0BB8FD32-DD26-4530-91D3-CE8C3AACC9C3}"
EndProject
Global
	GlobalSection(SolutionConfigurationPlatforms) = preSolution
		Debug|Any CPU = Debug|Any CPU
		Release|Any CPU = Release|Any CPU
	EndGlobalSection
	GlobalSection(ProjectConfigurationPlatforms) = postSolution
		{0BB8FD32-DD26-4530-91D3-CE8C3AACC9C3}.Debug|Any CPU.ActiveCfg = Debug|Any CPU
		{0BB8FD32-DD26-4530-91D3-CE8C3AACC9C3}.Debug|Any CPU.Build.0 = Debug|Any CPU
		{0BB8FD32-DD26-4530-91D3-CE8C3AACC9C3}.Release|Any CPU.ActiveCfg = Release|Any CPU
		{0BB8FD32-DD26-4530-91D3-CE8C3AACC9C3}.Release|Any CPU.Build.0 = Release|Any CPU
	EndGlobalSection
	GlobalSection(SolutionProperties) = preSolution
		HideSolutionNode = FALSE
	EndGlobalSection
	GlobalSection(ExtensibilityGlobals) = postSolution
		SolutionGuid = {BC6F3EF3-E0DE-4236-912F-D0EB79A1788F}
	EndGlobalSection
EndGlobal
