
Microsoft Visual Studio Solution File, Format Version 12.00
# Visual Studio Version 16
VisualStudioVersion = 16.0.33328.57
MinimumVisualStudioVersion = 10.0.40219.1
Project("{FAE04EC0-301F-11D3-BF4B-00C04F79EFBC}") = "Vetores", "Vetores\Vetores.csproj", "{937EC6EC-7C53-401B-8566-A52C76B18590}"
EndProject
Project("{FAE04EC0-301F-11D3-BF4B-00C04F79EFBC}") = "vetores2", "vetores2\vetores2.csproj", "{24F25522-0281-453F-88AF-4A7330A70732}"
EndProject
Project("{FAE04EC0-301F-11D3-BF4B-00C04F79EFBC}") = "ExercicioVetores", "ExercicioVetores\ExercicioVetores.csproj", "{26172269-6AC1-4150-BBDF-3BF740849D2D}"
EndProject
Global
	GlobalSection(SolutionConfigurationPlatforms) = preSolution
		Debug|Any CPU = Debug|Any CPU
		Release|Any CPU = Release|Any CPU
	EndGlobalSection
	GlobalSection(ProjectConfigurationPlatforms) = postSolution
		{937EC6EC-7C53-401B-8566-A52C76B18590}.Debug|Any CPU.ActiveCfg = Debug|Any CPU
		{937EC6EC-7C53-401B-8566-A52C76B18590}.Debug|Any CPU.Build.0 = Debug|Any CPU
		{937EC6EC-7C53-401B-8566-A52C76B18590}.Release|Any CPU.ActiveCfg = Release|Any CPU
		{937EC6EC-7C53-401B-8566-A52C76B18590}.Release|Any CPU.Build.0 = Release|Any CPU
		{24F25522-0281-453F-88AF-4A7330A70732}.Debug|Any CPU.ActiveCfg = Debug|Any CPU
		{24F25522-0281-453F-88AF-4A7330A70732}.Debug|Any CPU.Build.0 = Debug|Any CPU
		{24F25522-0281-453F-88AF-4A7330A70732}.Release|Any CPU.ActiveCfg = Release|Any CPU
		{24F25522-0281-453F-88AF-4A7330A70732}.Release|Any CPU.Build.0 = Release|Any CPU
		{26172269-6AC1-4150-BBDF-3BF740849D2D}.Debug|Any CPU.ActiveCfg = Debug|Any CPU
		{26172269-6AC1-4150-BBDF-3BF740849D2D}.Debug|Any CPU.Build.0 = Debug|Any CPU
		{26172269-6AC1-4150-BBDF-3BF740849D2D}.Release|Any CPU.ActiveCfg = Release|Any CPU
		{26172269-6AC1-4150-BBDF-3BF740849D2D}.Release|Any CPU.Build.0 = Release|Any CPU
	EndGlobalSection
	GlobalSection(SolutionProperties) = preSolution
		HideSolutionNode = FALSE
	EndGlobalSection
	GlobalSection(ExtensibilityGlobals) = postSolution
		SolutionGuid = {1B936233-2801-435D-B836-44D102648A74}
	EndGlobalSection
EndGlobal
